
Microsoft Visual Studio Solution File, Format Version 12.00
Project("{FAE04EC0-301F-11D3-BF4B-00C04F79EFBC}") = "RoomWroom", "RoomWroom\RoomWroom.csproj", "{BC390A0B-442C-4B9C-B94B-5E73A74477E2}"
EndProject
Project("{2150E333-8FDC-42A3-9474-1A3956D46DE8}") = "source", "source", "{38F7ED7D-73E7-4B41-B125-6C4E1397FADD}"
EndProject
Project("{FAE04EC0-301F-11D3-BF4B-00C04F79EFBC}") = "Domain", "Domain\Domain.csproj", "{5FD5E8FF-2145-4881-9F71-05F334B2D6D7}"
EndProject
Project("{FAE04EC0-301F-11D3-BF4B-00C04F79EFBC}") = "Application", "Application\Application.csproj", "{F7C816AE-F012-4128-A2E7-E8C8F3D5CEA8}"
EndProject
Project("{FAE04EC0-301F-11D3-BF4B-00C04F79EFBC}") = "Api", "Api\Api.csproj", "{AFC86651-9592-46A1-A869-C3B28DBF528B}"
EndProject
Project("{FAE04EC0-301F-11D3-BF4B-00C04F79EFBC}") = "Contracts", "Contracts\Contracts.csproj", "{46E27C09-D71B-4BEC-A8E6-033489F5AE03}"
EndProject
Project("{FAE04EC0-301F-11D3-BF4B-00C04F79EFBC}") = "Infrastructure", "Infrastructure\Infrastructure.csproj", "{C9336662-CF5A-43FE-9908-06A8C26276E2}"
EndProject
Global
	GlobalSection(SolutionConfigurationPlatforms) = preSolution
		Debug|Any CPU = Debug|Any CPU
		Release|Any CPU = Release|Any CPU
	EndGlobalSection
	GlobalSection(ProjectConfigurationPlatforms) = postSolution
		{BC390A0B-442C-4B9C-B94B-5E73A74477E2}.Debug|Any CPU.ActiveCfg = Debug|Any CPU
		{BC390A0B-442C-4B9C-B94B-5E73A74477E2}.Debug|Any CPU.Build.0 = Debug|Any CPU
		{BC390A0B-442C-4B9C-B94B-5E73A74477E2}.Release|Any CPU.ActiveCfg = Release|Any CPU
		{BC390A0B-442C-4B9C-B94B-5E73A74477E2}.Release|Any CPU.Build.0 = Release|Any CPU
		{5FD5E8FF-2145-4881-9F71-05F334B2D6D7}.Debug|Any CPU.ActiveCfg = Debug|Any CPU
		{5FD5E8FF-2145-4881-9F71-05F334B2D6D7}.Debug|Any CPU.Build.0 = Debug|Any CPU
		{5FD5E8FF-2145-4881-9F71-05F334B2D6D7}.Release|Any CPU.ActiveCfg = Release|Any CPU
		{5FD5E8FF-2145-4881-9F71-05F334B2D6D7}.Release|Any CPU.Build.0 = Release|Any CPU
		{F7C816AE-F012-4128-A2E7-E8C8F3D5CEA8}.Debug|Any CPU.ActiveCfg = Debug|Any CPU
		{F7C816AE-F012-4128-A2E7-E8C8F3D5CEA8}.Debug|Any CPU.Build.0 = Debug|Any CPU
		{F7C816AE-F012-4128-A2E7-E8C8F3D5CEA8}.Release|Any CPU.ActiveCfg = Release|Any CPU
		{F7C816AE-F012-4128-A2E7-E8C8F3D5CEA8}.Release|Any CPU.Build.0 = Release|Any CPU
		{AFC86651-9592-46A1-A869-C3B28DBF528B}.Debug|Any CPU.ActiveCfg = Debug|Any CPU
		{AFC86651-9592-46A1-A869-C3B28DBF528B}.Debug|Any CPU.Build.0 = Debug|Any CPU
		{AFC86651-9592-46A1-A869-C3B28DBF528B}.Release|Any CPU.ActiveCfg = Release|Any CPU
		{AFC86651-9592-46A1-A869-C3B28DBF528B}.Release|Any CPU.Build.0 = Release|Any CPU
		{46E27C09-D71B-4BEC-A8E6-033489F5AE03}.Debug|Any CPU.ActiveCfg = Debug|Any CPU
		{46E27C09-D71B-4BEC-A8E6-033489F5AE03}.Debug|Any CPU.Build.0 = Debug|Any CPU
		{46E27C09-D71B-4BEC-A8E6-033489F5AE03}.Release|Any CPU.ActiveCfg = Release|Any CPU
		{46E27C09-D71B-4BEC-A8E6-033489F5AE03}.Release|Any CPU.Build.0 = Release|Any CPU
		{C9336662-CF5A-43FE-9908-06A8C26276E2}.Debug|Any CPU.ActiveCfg = Debug|Any CPU
		{C9336662-CF5A-43FE-9908-06A8C26276E2}.Debug|Any CPU.Build.0 = Debug|Any CPU
		{C9336662-CF5A-43FE-9908-06A8C26276E2}.Release|Any CPU.ActiveCfg = Release|Any CPU
		{C9336662-CF5A-43FE-9908-06A8C26276E2}.Release|Any CPU.Build.0 = Release|Any CPU
	EndGlobalSection
	GlobalSection(NestedProjects) = preSolution
		{5FD5E8FF-2145-4881-9F71-05F334B2D6D7} = {38F7ED7D-73E7-4B41-B125-6C4E1397FADD}
		{F7C816AE-F012-4128-A2E7-E8C8F3D5CEA8} = {38F7ED7D-73E7-4B41-B125-6C4E1397FADD}
		{AFC86651-9592-46A1-A869-C3B28DBF528B} = {38F7ED7D-73E7-4B41-B125-6C4E1397FADD}
		{46E27C09-D71B-4BEC-A8E6-033489F5AE03} = {38F7ED7D-73E7-4B41-B125-6C4E1397FADD}
		{C9336662-CF5A-43FE-9908-06A8C26276E2} = {38F7ED7D-73E7-4B41-B125-6C4E1397FADD}
	EndGlobalSection
EndGlobal
